
Microsoft Visual Studio Solution File, Format Version 12.00
# Visual Studio Version 16
VisualStudioVersion = 16.0.31205.134
MinimumVisualStudioVersion = 10.0.40219.1
Project("{FAE04EC0-301F-11D3-BF4B-00C04F79EFBC}") = "blockchain", "blockchain.csproj", "{B4E5CEF3-4851-4A80-BCB5-5E14AF918DC2}"
EndProject
Global
	GlobalSection(SolutionConfigurationPlatforms) = preSolution
		Debug|Any CPU = Debug|Any CPU
		Release|Any CPU = Release|Any CPU
	EndGlobalSection
	GlobalSection(ProjectConfigurationPlatforms) = postSolution
		{B4E5CEF3-4851-4A80-BCB5-5E14AF918DC2}.Debug|Any CPU.ActiveCfg = Debug|Any CPU
		{B4E5CEF3-4851-4A80-BCB5-5E14AF918DC2}.Debug|Any CPU.Build.0 = Debug|Any CPU
		{B4E5CEF3-4851-4A80-BCB5-5E14AF918DC2}.Release|Any CPU.ActiveCfg = Release|Any CPU
		{B4E5CEF3-4851-4A80-BCB5-5E14AF918DC2}.Release|Any CPU.Build.0 = Release|Any CPU
	EndGlobalSection
	GlobalSection(SolutionProperties) = preSolution
		HideSolutionNode = FALSE
	EndGlobalSection
	GlobalSection(ExtensibilityGlobals) = postSolution
		SolutionGuid = {FFAA6C2D-5D6E-4F17-B875-2335C2F34161}
	EndGlobalSection
EndGlobal
